Microsoft Visual Studio Solution File, Format Version 12.00
# Visual Studio Version 17
VisualStudioVersion = 17.13.35919.96
MinimumVisualStudioVersion = 10.0.40219.1
Project("{FAE04EC0-301F-11D3-BF4B-00C04F79EFBC}") = "CargoWiseXUEJsonFormatter", "CargoWiseXUEJsonFormatter\CargoWiseXUEJsonFormatter.csproj", "{C8193F9E-5B07-4303-A5BA-554926C53582}"
EndProject
Project("{2150E333-8FDC-42A3-9474-1A3956D46DE8}") = "Solution Items", "Solution Items", "{8EC462FD-D22E-90A8-E5CE-7E832BA40C5D}"
	ProjectSection(SolutionItems) = preProject
		.gitignore = .gitignore
		.github\workflows\dotnet-desktop.yml = .github\workflows\dotnet-desktop.yml
		LICENSE.txt = LICENSE.txt
		logo.png = logo.png
		README.md = README.md
	EndProjectSection
EndProject
Global
	GlobalSection(SolutionConfigurationPlatforms) = preSolution
		Debug|Any CPU = Debug|Any CPU
		Release|Any CPU = Release|Any CPU
	EndGlobalSection
	GlobalSection(ProjectConfigurationPlatforms) = postSolution
		{C8193F9E-5B07-4303-A5BA-554926C53582}.Debug|Any CPU.ActiveCfg = Debug|Any CPU
		{C8193F9E-5B07-4303-A5BA-554926C53582}.Debug|Any CPU.Build.0 = Debug|Any CPU
		{C8193F9E-5B07-4303-A5BA-554926C53582}.Release|Any CPU.ActiveCfg = Release|Any CPU
		{C8193F9E-5B07-4303-A5BA-554926C53582}.Release|Any CPU.Build.0 = Release|Any CPU
	EndGlobalSection
	GlobalSection(SolutionProperties) = preSolution
		HideSolutionNode = FALSE
	EndGlobalSection
	GlobalSection(ExtensibilityGlobals) = postSolution
		SolutionGuid = {1AEF2E5D-062F-44E9-9589-0F509B71BAF9}
	EndGlobalSection
EndGlobal
